
Microsoft Visual Studio Solution File, Format Version 12.00
# Visual Studio 2012
Project("{FAE04EC0-301F-11D3-BF4B-00C04F79EFBC}") = "UnicloudTestProject", "UnicloudTestProject\UnicloudTestProject.csproj", "{3CFA13CE-7101-48FF-81E2-CBCDE8783C9A}"
EndProject
Global
	GlobalSection(SolutionConfigurationPlatforms) = preSolution
		Debug|Any CPU = Debug|Any CPU
		Release|Any CPU = Release|Any CPU
	EndGlobalSection
	GlobalSection(ProjectConfigurationPlatforms) = postSolution
		{3CFA13CE-7101-48FF-81E2-CBCDE8783C9A}.Debug|Any CPU.ActiveCfg = Debug|Any CPU
		{3CFA13CE-7101-48FF-81E2-CBCDE8783C9A}.Debug|Any CPU.Build.0 = Debug|Any CPU
		{3CFA13CE-7101-48FF-81E2-CBCDE8783C9A}.Release|Any CPU.ActiveCfg = Release|Any CPU
		{3CFA13CE-7101-48FF-81E2-CBCDE8783C9A}.Release|Any CPU.Build.0 = Release|Any CPU
	EndGlobalSection
	GlobalSection(SolutionProperties) = preSolution
		HideSolutionNode = FALSE
	EndGlobalSection
EndGlobal
